
Microsoft Visual Studio Solution File, Format Version 12.00
# Visual Studio Version 16
VisualStudioVersion = 16.0.33328.57
MinimumVisualStudioVersion = 10.0.40219.1
Project("{2150E333-8FDC-42A3-9474-1A3956D46DE8}") = "CustomFigs", "CustomFigs", "{13DCC154-4E80-49F2-ADBB-0E091437B530}"
EndProject
Project("{2150E333-8FDC-42A3-9474-1A3956D46DE8}") = "VB", "VB", "{897B8DC6-8C64-4C6C-BDA2-EE86A0F53522}"
EndProject
Project("{2150E333-8FDC-42A3-9474-1A3956D46DE8}") = "CutomFigs_VB", "CutomFigs_VB", "{E8A02BFE-C617-49A5-8D47-E8CEE7CA7083}"
EndProject
Project("{2150E333-8FDC-42A3-9474-1A3956D46DE8}") = "CSharp", "CSharp", "{B8464579-ED00-4348-9E2F-2EE25AA5E25A}"
EndProject
Project("{FAE04EC0-301F-11D3-BF4B-00C04F79EFBC}") = "AddEntities", "AddEntities\AddEntities.csproj", "{69CD6CBA-1C17-4928-A7AF-A0501423DFBF}"
EndProject
Project("{FAE04EC0-301F-11D3-BF4B-00C04F79EFBC}") = "Collections", "Collections\Collections\Collections.csproj", "{2D7044D4-C946-4084-87D4-852E7BBA8B12}"
EndProject
Project("{FAE04EC0-301F-11D3-BF4B-00C04F79EFBC}") = "Commands", "Commands\Commands\Commands.csproj", "{02F1AB52-B096-411F-AAD4-EF1D868EDF9C}"
EndProject
Project("{FAE04EC0-301F-11D3-BF4B-00C04F79EFBC}") = "CustomObjects", "CustomObjects\CustomObjects\CustomObjects.csproj", "{F58ED307-A906-4191-AD45-E5CA57E299A2}"
EndProject
Project("{FAE04EC0-301F-11D3-BF4B-00C04F79EFBC}") = "VectorDrawCustomFigs", "CustomObjects\vdPolygon\VectorDrawCustomFigs.csproj", "{235D47FB-10EF-444D-83C3-8BD7649C84E9}"
EndProject
Project("{F184B08F-C81C-45F6-A57F-5ABD9991F28F}") = "AddEntities_VB", "VB\AddEntities_VB\AddEntities_VB.vbproj", "{A6B0F9BA-E7EB-4852-8E72-8AFFE1C37E66}"
EndProject
Project("{F184B08F-C81C-45F6-A57F-5ABD9991F28F}") = "Collections_VB", "VB\Collections_VB\Collections_VB.vbproj", "{8D8973BE-8C6E-4126-A323-9FBB0CA6B0DB}"
EndProject
Project("{F184B08F-C81C-45F6-A57F-5ABD9991F28F}") = "Commands_VB", "VB\Commands_VB\Commands_VB.vbproj", "{F8BB269B-8692-4910-A6AA-641450999E5D}"
EndProject
Project("{F184B08F-C81C-45F6-A57F-5ABD9991F28F}") = "CustomObjects_VB", "VB\Customfigs_VB\CustomObjects_VB\CustomObjects_VB.vbproj", "{73AEE074-0715-482F-B347-6F8FCB9CCE9A}"
EndProject
Project("{F184B08F-C81C-45F6-A57F-5ABD9991F28F}") = "VectorDrawCustomFigs_VB", "VB\Customfigs_VB\VectorDrawCustomFigs_VB\VectorDrawCustomFigs_VB.vbproj", "{9AA56362-BF82-4782-B844-D3223E79680D}"
EndProject
Project("{FAE04EC0-301F-11D3-BF4B-00C04F79EFBC}") = "vdfCAD", "MDICAD\vdfCAD.csproj", "{E0C5D8ED-0F7A-4BAB-9180-701CFEAF355C}"
EndProject
Project("{F184B08F-C81C-45F6-A57F-5ABD9991F28F}") = "ActionDraw_Event_VB", "VB\ActionDraw_Event_VB\ActionDraw_Event_VB.vbproj", "{241A3A58-8050-44D7-9873-258EF1ABBC3D}"
EndProject
Project("{FAE04EC0-301F-11D3-BF4B-00C04F79EFBC}") = "ActionDraw_Event", "ActionDraw_Event\ActionDraw_Event.csproj", "{67C0919F-BD83-44AE-943B-2DE7BFA7538B}"
EndProject
Project("{FAE04EC0-301F-11D3-BF4B-00C04F79EFBC}") = "UserInteraction", "UserActions & Utilities\UserInteraction\UserInteraction.csproj", "{1C0D9D1C-43A0-4BEB-97BF-C3A0174C82D9}"
EndProject
Project("{F184B08F-C81C-45F6-A57F-5ABD9991F28F}") = "UserInteraction_VB", "VB\UserActions_Utilities_VB\UserInteraction\UserInteraction_VB.vbproj", "{47C18245-CBFE-4B8F-8B5C-E07C117C1E45}"
EndProject
Project("{FAE04EC0-301F-11D3-BF4B-00C04F79EFBC}") = "DragDrop", "DragDrop\DragDrop.csproj", "{4B65CBB6-6DE2-426C-95F5-CB229D713224}"
EndProject
Project("{F184B08F-C81C-45F6-A57F-5ABD9991F28F}") = "DragDropVB", "VB\DragDrop_VB\DragDropVB\DragDropVB.vbproj", "{DFC7100D-2268-4758-9322-32F163045DCD}"
EndProject
Project("{FAE04EC0-301F-11D3-BF4B-00C04F79EFBC}") = "Presentation", "Presentation\Presentation.csproj", "{24B4F2B1-C060-43B8-8AC4-9F92F43CA166}"
EndProject
Project("{FAE04EC0-301F-11D3-BF4B-00C04F79EFBC}") = "DeleteRemove", "DeleteRemove\DeleteRemove.csproj", "{A51B5D8E-3C54-431D-962C-4BAE011BB6F2}"
EndProject
Project("{F184B08F-C81C-45F6-A57F-5ABD9991F28F}") = "DeleteRemove_VB", "VB\DeleteRemove_VB\DeleteRemove_VB.vbproj", "{3753D628-F9A7-4E3B-AF39-9EA0CDDE0DC3}"
EndProject
Project("{FAE04EC0-301F-11D3-BF4B-00C04F79EFBC}") = "vdForms", "vdForms\vdForms\vdForms.csproj", "{3F125E54-5D89-41A4-9857-FDDDF8492E2F}"
EndProject
Project("{FAE04EC0-301F-11D3-BF4B-00C04F79EFBC}") = "NoGraphicsExample", "Doc\NoGraphicsExample\NoGraphicsExample.csproj", "{94EDF3D2-A169-4B07-9AAD-0F4CFD64F431}"
EndProject
Project("{F184B08F-C81C-45F6-A57F-5ABD9991F28F}") = "NoGraphicsExample_VB", "VB\Doc\NoGraphicsExample_VB\NoGraphicsExample_VB.vbproj", "{16934E81-117D-40D7-BEEC-2F6FDEC56FF3}"
EndProject
Project("{FAE04EC0-301F-11D3-BF4B-00C04F79EFBC}") = "MouseEntitySelection", "MouseEntitySelection\MouseEntitySelection\MouseEntitySelection.csproj", "{8A609A6C-E577-4FE9-AE74-4C363CB61D6F}"
EndProject
Project("{F184B08F-C81C-45F6-A57F-5ABD9991F28F}") = "MouseEntitySelection_VB", "VB\MouseEntitySelection_VB\MouseEntitySelection_VB\MouseEntitySelection_VB\MouseEntitySelection_VB.vbproj", "{302654BF-604E-4657-AB48-02B5DBE49612}"
EndProject
Project("{FAE04EC0-301F-11D3-BF4B-00C04F79EFBC}") = "Ruler_Magnifier", "Ruler_Magnifier\Ruler_Magnifier.csproj", "{741A4578-821D-4877-B79F-6186E7229968}"
EndProject
Project("{F184B08F-C81C-45F6-A57F-5ABD9991F28F}") = "Ruler_Magnifier_VB", "VB\Ruler_Magnifier_VB\Ruler_Magnifier_VB\Ruler_Magnifier_VB.vbproj", "{2D289600-8047-4056-8D72-93FEA7625D88}"
EndProject
Project("{FAE04EC0-301F-11D3-BF4B-00C04F79EFBC}") = "AreaCalculation", "AreaCalculation\AreaCalculation.csproj", "{1700C956-A2C8-48E0-AA98-591A6ED886E1}"
EndProject
Project("{F184B08F-C81C-45F6-A57F-5ABD9991F28F}") = "AreaCalculation_VB", "VB\AreaCalculation_VB\AreaCalculation_VB.vbproj", "{2711C0DE-5B27-4C98-B2E8-61F0F9831593}"
EndProject
Project("{FAE04EC0-301F-11D3-BF4B-00C04F79EFBC}") = "CommandButtonImages", "CommandButtonImages\CommandButtonImages.csproj", "{16CDF4A0-2311-4BE0-B23B-AFFB349CF370}"
EndProject
Project("{FAE04EC0-301F-11D3-BF4B-00C04F79EFBC}") = "Invoice Form", "Invoice Form\Invoice Form.csproj", "{963B07F0-2337-42FD-B3AC-4F766CC069A1}"
EndProject
Project("{FAE04EC0-301F-11D3-BF4B-00C04F79EFBC}") = "StatisticsProject", "StatisticsProject\StatisticsProject.csproj", "{5C6EF289-821E-4A5C-944D-4260BD524C69}"
EndProject
Project("{F184B08F-C81C-45F6-A57F-5ABD9991F28F}") = "Invoice Form (VB)", "VB\Invoice Form (VB)\Invoice Form (VB).vbproj", "{C8E70BA0-220C-4FC0-A9C1-62E7B15473EC}"
EndProject
Project("{F184B08F-C81C-45F6-A57F-5ABD9991F28F}") = "StatisticsProject (VB)", "VB\StatisticsProject (VB)\StatisticsProject (VB)\StatisticsProject (VB).vbproj", "{A4797CD1-E998-4C98-9F05-734448F0E22A}"
EndProject
Project("{FAE04EC0-301F-11D3-BF4B-00C04F79EFBC}") = "Speedometer", "Speedometer\Speedometer.csproj", "{77B6F4B7-9D08-4223-AC4C-B65A88C4A3B2}"
EndProject
Project("{F184B08F-C81C-45F6-A57F-5ABD9991F28F}") = "Speedometer_VB", "VB\Speedometer_VB\Speedometer_VB.vbproj", "{530CACE1-E169-4E77-894B-FF1DB4D2109F}"
EndProject
Project("{FAE04EC0-301F-11D3-BF4B-00C04F79EFBC}") = "2D_Projection", "2D_Projection\2D_Projection\2D_Projection.csproj", "{310024FD-0BAC-4E22-9CE4-B892F12BE2C2}"
EndProject
Project("{F184B08F-C81C-45F6-A57F-5ABD9991F28F}") = "2D_Projection", "VB\2D_Projection\2D_Projection\2D_Projection.vbproj", "{F842D83E-29D7-4EE3-BF31-9908EAF0684D}"
EndProject
Project("{FAE04EC0-301F-11D3-BF4B-00C04F79EFBC}") = "CustomPropertyTovdFigure", "CustomObjects\CustomPropertyTovdFigure\CustomPropertyTovdFigure.csproj", "{D4870B4B-2B64-4929-A67C-1075077309C3}"
EndProject
Project("{F184B08F-C81C-45F6-A57F-5ABD9991F28F}") = "CustomPropertyTovdFigure_VB", "VB\Customfigs_VB\CustomPropertyTovdFigure_VB\CustomPropertyTovdFigure_VB.vbproj", "{B8EE3CA8-24C7-4EB8-807E-7BCAF40015BD}"
EndProject
Project("{FAE04EC0-301F-11D3-BF4B-00C04F79EFBC}") = "MultiPrint", "MultiPrint\MultiPrint.csproj", "{EF2FF075-639F-4BA1-89B8-4E2145BDFDDD}"
EndProject
Project("{FAE04EC0-301F-11D3-BF4B-00C04F79EFBC}") = "ScreenBlockInfo", "ScreenBlockInfo\ScreenBlockInfo.csproj", "{B4161CDE-2276-47CC-A16A-339B83FBFD45}"
EndProject
Project("{F184B08F-C81C-45F6-A57F-5ABD9991F28F}") = "ScreenBlock_Info_VB", "VB\ScreenBlock_Info_VB\ScreenBlock_Info_VB.vbproj", "{7DEB7C96-B855-43AC-8C98-F9648EB8B165}"
EndProject
Project("{FAE04EC0-301F-11D3-BF4B-00C04F79EFBC}") = "MouseOverFigure", "MouseOverFigure\MouseOverFigure.csproj", "{8F3EAC60-7DD9-4DD4-B12D-E0D1CCA0D358}"
EndProject
Project("{F184B08F-C81C-45F6-A57F-5ABD9991F28F}") = "MouseOverFigure", "VB\MouseOverFigure\MouseOverFigure.vbproj", "{44C8EBBC-49B6-48A7-8A9F-C4E0C30FDF47}"
EndProject
Project("{FAE04EC0-301F-11D3-BF4B-00C04F79EFBC}") = "MultiView", "MultiView\MultiView\MultiView.csproj", "{96BBE72C-B438-41A5-9707-689B2B008256}"
EndProject
Project("{FAE04EC0-301F-11D3-BF4B-00C04F79EFBC}") = "BooleanOperations", "BooleanOperations\BooleanOperations.csproj", "{297B7EE5-A5D1-44C7-ABE7-56A04B56D779}"
EndProject
Project("{F184B08F-C81C-45F6-A57F-5ABD9991F28F}") = "BooleanOperations_VB", "VB\BooleanOperations\BooleanOperations_VB.vbproj", "{60042CA6-E06D-424F-BF95-F4B0F065191D}"
EndProject
Project("{F184B08F-C81C-45F6-A57F-5ABD9991F28F}") = "Multiview_VB", "VB\Multiview_VB\Multiview\Multiview_VB.vbproj", "{43B7DF5F-03B6-43F4-99EA-8C29C3D1E537}"
EndProject
Project("{FAE04EC0-301F-11D3-BF4B-00C04F79EFBC}") = "CustomActions", "CustomActions\CustomActions.csproj", "{A9D2C701-A6F2-4547-B17A-506FAA7F40EE}"
EndProject
Project("{F184B08F-C81C-45F6-A57F-5ABD9991F28F}") = "CustomActions_VB", "VB\CustomActions_VB\CustomActions_VB.vbproj", "{47D4E91D-F66C-4BDF-86D0-102305BE51BA}"
EndProject
Global
	GlobalSection(SolutionConfigurationPlatforms) = preSolution
		Debug|Any Cpu = Debug|Any Cpu
		Release|Any Cpu = Release|Any Cpu
	EndGlobalSection
	GlobalSection(ProjectConfigurationPlatforms) = postSolution
		{69CD6CBA-1C17-4928-A7AF-A0501423DFBF}.Debug|Any Cpu.ActiveCfg = Debug|Any CPU
		{69CD6CBA-1C17-4928-A7AF-A0501423DFBF}.Release|Any Cpu.ActiveCfg = Release|Any CPU
		{69CD6CBA-1C17-4928-A7AF-A0501423DFBF}.Release|Any Cpu.Build.0 = Release|Any CPU
		{2D7044D4-C946-4084-87D4-852E7BBA8B12}.Debug|Any Cpu.ActiveCfg = Debug|Any CPU
		{2D7044D4-C946-4084-87D4-852E7BBA8B12}.Release|Any Cpu.ActiveCfg = Release|Any CPU
		{2D7044D4-C946-4084-87D4-852E7BBA8B12}.Release|Any Cpu.Build.0 = Release|Any CPU
		{02F1AB52-B096-411F-AAD4-EF1D868EDF9C}.Debug|Any Cpu.ActiveCfg = Debug|Any CPU
		{02F1AB52-B096-411F-AAD4-EF1D868EDF9C}.Release|Any Cpu.ActiveCfg = Release|Any CPU
		{02F1AB52-B096-411F-AAD4-EF1D868EDF9C}.Release|Any Cpu.Build.0 = Release|Any CPU
		{F58ED307-A906-4191-AD45-E5CA57E299A2}.Debug|Any Cpu.ActiveCfg = Debug|Any CPU
		{F58ED307-A906-4191-AD45-E5CA57E299A2}.Debug|Any Cpu.Build.0 = Debug|Any CPU
		{F58ED307-A906-4191-AD45-E5CA57E299A2}.Release|Any Cpu.ActiveCfg = Release|Any CPU
		{F58ED307-A906-4191-AD45-E5CA57E299A2}.Release|Any Cpu.Build.0 = Release|Any CPU
		{235D47FB-10EF-444D-83C3-8BD7649C84E9}.Debug|Any Cpu.ActiveCfg = Debug|Any CPU
		{235D47FB-10EF-444D-83C3-8BD7649C84E9}.Debug|Any Cpu.Build.0 = Debug|Any CPU
		{235D47FB-10EF-444D-83C3-8BD7649C84E9}.Release|Any Cpu.ActiveCfg = Release|Any CPU
		{235D47FB-10EF-444D-83C3-8BD7649C84E9}.Release|Any Cpu.Build.0 = Release|Any CPU
		{A6B0F9BA-E7EB-4852-8E72-8AFFE1C37E66}.Debug|Any Cpu.ActiveCfg = Debug|Any CPU
		{A6B0F9BA-E7EB-4852-8E72-8AFFE1C37E66}.Release|Any Cpu.ActiveCfg = Release|Any CPU
		{A6B0F9BA-E7EB-4852-8E72-8AFFE1C37E66}.Release|Any Cpu.Build.0 = Release|Any CPU
		{8D8973BE-8C6E-4126-A323-9FBB0CA6B0DB}.Debug|Any Cpu.ActiveCfg = Debug|Any CPU
		{8D8973BE-8C6E-4126-A323-9FBB0CA6B0DB}.Release|Any Cpu.ActiveCfg = Release|Any CPU
		{8D8973BE-8C6E-4126-A323-9FBB0CA6B0DB}.Release|Any Cpu.Build.0 = Release|Any CPU
		{F8BB269B-8692-4910-A6AA-641450999E5D}.Debug|Any Cpu.ActiveCfg = Debug|Any CPU
		{F8BB269B-8692-4910-A6AA-641450999E5D}.Release|Any Cpu.ActiveCfg = Release|Any CPU
		{F8BB269B-8692-4910-A6AA-641450999E5D}.Release|Any Cpu.Build.0 = Release|Any CPU
		{73AEE074-0715-482F-B347-6F8FCB9CCE9A}.Debug|Any Cpu.ActiveCfg = Debug|Any CPU
		{73AEE074-0715-482F-B347-6F8FCB9CCE9A}.Release|Any Cpu.ActiveCfg = Release|Any CPU
		{73AEE074-0715-482F-B347-6F8FCB9CCE9A}.Release|Any Cpu.Build.0 = Release|Any CPU
		{9AA56362-BF82-4782-B844-D3223E79680D}.Debug|Any Cpu.ActiveCfg = Debug|Any CPU
		{9AA56362-BF82-4782-B844-D3223E79680D}.Release|Any Cpu.ActiveCfg = Release|Any CPU
		{9AA56362-BF82-4782-B844-D3223E79680D}.Release|Any Cpu.Build.0 = Release|Any CPU
		{E0C5D8ED-0F7A-4BAB-9180-701CFEAF355C}.Debug|Any Cpu.ActiveCfg = Debug|Any CPU
		{E0C5D8ED-0F7A-4BAB-9180-701CFEAF355C}.Release|Any Cpu.ActiveCfg = Release|Any CPU
		{E0C5D8ED-0F7A-4BAB-9180-701CFEAF355C}.Release|Any Cpu.Build.0 = Release|Any CPU
		{241A3A58-8050-44D7-9873-258EF1ABBC3D}.Debug|Any Cpu.ActiveCfg = Debug|Any CPU
		{241A3A58-8050-44D7-9873-258EF1ABBC3D}.Release|Any Cpu.ActiveCfg = Release|Any CPU
		{241A3A58-8050-44D7-9873-258EF1ABBC3D}.Release|Any Cpu.Build.0 = Release|Any CPU
		{67C0919F-BD83-44AE-943B-2DE7BFA7538B}.Debug|Any Cpu.ActiveCfg = Debug|Any CPU
		{67C0919F-BD83-44AE-943B-2DE7BFA7538B}.Release|Any Cpu.ActiveCfg = Release|Any CPU
		{67C0919F-BD83-44AE-943B-2DE7BFA7538B}.Release|Any Cpu.Build.0 = Release|Any CPU
		{1C0D9D1C-43A0-4BEB-97BF-C3A0174C82D9}.Debug|Any Cpu.ActiveCfg = Debug|Any CPU
		{1C0D9D1C-43A0-4BEB-97BF-C3A0174C82D9}.Release|Any Cpu.ActiveCfg = Release|Any CPU
		{1C0D9D1C-43A0-4BEB-97BF-C3A0174C82D9}.Release|Any Cpu.Build.0 = Release|Any CPU
		{47C18245-CBFE-4B8F-8B5C-E07C117C1E45}.Debug|Any Cpu.ActiveCfg = Debug|Any CPU
		{47C18245-CBFE-4B8F-8B5C-E07C117C1E45}.Release|Any Cpu.ActiveCfg = Release|Any CPU
		{47C18245-CBFE-4B8F-8B5C-E07C117C1E45}.Release|Any Cpu.Build.0 = Release|Any CPU
		{4B65CBB6-6DE2-426C-95F5-CB229D713224}.Debug|Any Cpu.ActiveCfg = Debug|Any CPU
		{4B65CBB6-6DE2-426C-95F5-CB229D713224}.Release|Any Cpu.ActiveCfg = Release|Any CPU
		{4B65CBB6-6DE2-426C-95F5-CB229D713224}.Release|Any Cpu.Build.0 = Release|Any CPU
		{DFC7100D-2268-4758-9322-32F163045DCD}.Debug|Any Cpu.ActiveCfg = Debug|Any CPU
		{DFC7100D-2268-4758-9322-32F163045DCD}.Release|Any Cpu.ActiveCfg = Release|Any CPU
		{DFC7100D-2268-4758-9322-32F163045DCD}.Release|Any Cpu.Build.0 = Release|Any CPU
		{24B4F2B1-C060-43B8-8AC4-9F92F43CA166}.Debug|Any Cpu.ActiveCfg = Debug|Any CPU
		{24B4F2B1-C060-43B8-8AC4-9F92F43CA166}.Release|Any Cpu.ActiveCfg = Release|Any CPU
		{24B4F2B1-C060-43B8-8AC4-9F92F43CA166}.Release|Any Cpu.Build.0 = Release|Any CPU
		{A51B5D8E-3C54-431D-962C-4BAE011BB6F2}.Debug|Any Cpu.ActiveCfg = Debug|Any CPU
		{A51B5D8E-3C54-431D-962C-4BAE011BB6F2}.Release|Any Cpu.ActiveCfg = Release|Any CPU
		{A51B5D8E-3C54-431D-962C-4BAE011BB6F2}.Release|Any Cpu.Build.0 = Release|Any CPU
		{3753D628-F9A7-4E3B-AF39-9EA0CDDE0DC3}.Debug|Any Cpu.ActiveCfg = Debug|Any CPU
		{3753D628-F9A7-4E3B-AF39-9EA0CDDE0DC3}.Release|Any Cpu.ActiveCfg = Release|Any CPU
		{3753D628-F9A7-4E3B-AF39-9EA0CDDE0DC3}.Release|Any Cpu.Build.0 = Release|Any CPU
		{3F125E54-5D89-41A4-9857-FDDDF8492E2F}.Debug|Any Cpu.ActiveCfg = Debug|Any CPU
		{3F125E54-5D89-41A4-9857-FDDDF8492E2F}.Release|Any Cpu.ActiveCfg = Release|Any CPU
		{3F125E54-5D89-41A4-9857-FDDDF8492E2F}.Release|Any Cpu.Build.0 = Release|Any CPU
		{94EDF3D2-A169-4B07-9AAD-0F4CFD64F431}.Debug|Any Cpu.ActiveCfg = Debug|Any CPU
		{94EDF3D2-A169-4B07-9AAD-0F4CFD64F431}.Release|Any Cpu.ActiveCfg = Release|Any CPU
		{94EDF3D2-A169-4B07-9AAD-0F4CFD64F431}.Release|Any Cpu.Build.0 = Release|Any CPU
		{16934E81-117D-40D7-BEEC-2F6FDEC56FF3}.Debug|Any Cpu.ActiveCfg = Debug|Any CPU
		{16934E81-117D-40D7-BEEC-2F6FDEC56FF3}.Release|Any Cpu.ActiveCfg = Release|Any CPU
		{16934E81-117D-40D7-BEEC-2F6FDEC56FF3}.Release|Any Cpu.Build.0 = Release|Any CPU
		{8A609A6C-E577-4FE9-AE74-4C363CB61D6F}.Debug|Any Cpu.ActiveCfg = Debug|Any CPU
		{8A609A6C-E577-4FE9-AE74-4C363CB61D6F}.Release|Any Cpu.ActiveCfg = Release|Any CPU
		{8A609A6C-E577-4FE9-AE74-4C363CB61D6F}.Release|Any Cpu.Build.0 = Release|Any CPU
		{302654BF-604E-4657-AB48-02B5DBE49612}.Debug|Any Cpu.ActiveCfg = Debug|Any CPU
		{302654BF-604E-4657-AB48-02B5DBE49612}.Release|Any Cpu.ActiveCfg = Release|Any CPU
		{302654BF-604E-4657-AB48-02B5DBE49612}.Release|Any Cpu.Build.0 = Release|Any CPU
		{741A4578-821D-4877-B79F-6186E7229968}.Debug|Any Cpu.ActiveCfg = Debug|Any CPU
		{741A4578-821D-4877-B79F-6186E7229968}.Release|Any Cpu.ActiveCfg = Release|Any CPU
		{741A4578-821D-4877-B79F-6186E7229968}.Release|Any Cpu.Build.0 = Release|Any CPU
		{2D289600-8047-4056-8D72-93FEA7625D88}.Debug|Any Cpu.ActiveCfg = Debug|Any CPU
		{2D289600-8047-4056-8D72-93FEA7625D88}.Release|Any Cpu.ActiveCfg = Release|Any CPU
		{2D289600-8047-4056-8D72-93FEA7625D88}.Release|Any Cpu.Build.0 = Release|Any CPU
		{1700C956-A2C8-48E0-AA98-591A6ED886E1}.Debug|Any Cpu.ActiveCfg = Debug|Any CPU
		{1700C956-A2C8-48E0-AA98-591A6ED886E1}.Release|Any Cpu.ActiveCfg = Release|Any CPU
		{1700C956-A2C8-48E0-AA98-591A6ED886E1}.Release|Any Cpu.Build.0 = Release|Any CPU
		{2711C0DE-5B27-4C98-B2E8-61F0F9831593}.Debug|Any Cpu.ActiveCfg = Debug|Any CPU
		{2711C0DE-5B27-4C98-B2E8-61F0F9831593}.Release|Any Cpu.ActiveCfg = Release|Any CPU
		{2711C0DE-5B27-4C98-B2E8-61F0F9831593}.Release|Any Cpu.Build.0 = Release|Any CPU
		{16CDF4A0-2311-4BE0-B23B-AFFB349CF370}.Debug|Any Cpu.ActiveCfg = Debug|Any CPU
		{16CDF4A0-2311-4BE0-B23B-AFFB349CF370}.Release|Any Cpu.ActiveCfg = Release|Any CPU
		{16CDF4A0-2311-4BE0-B23B-AFFB349CF370}.Release|Any Cpu.Build.0 = Release|Any CPU
		{963B07F0-2337-42FD-B3AC-4F766CC069A1}.Debug|Any Cpu.ActiveCfg = Debug|Any CPU
		{963B07F0-2337-42FD-B3AC-4F766CC069A1}.Release|Any Cpu.ActiveCfg = Release|Any CPU
		{963B07F0-2337-42FD-B3AC-4F766CC069A1}.Release|Any Cpu.Build.0 = Release|Any CPU
		{5C6EF289-821E-4A5C-944D-4260BD524C69}.Debug|Any Cpu.ActiveCfg = Debug|Any CPU
		{5C6EF289-821E-4A5C-944D-4260BD524C69}.Release|Any Cpu.ActiveCfg = Release|Any CPU
		{5C6EF289-821E-4A5C-944D-4260BD524C69}.Release|Any Cpu.Build.0 = Release|Any CPU
		{C8E70BA0-220C-4FC0-A9C1-62E7B15473EC}.Debug|Any Cpu.ActiveCfg = Debug|Any CPU
		{C8E70BA0-220C-4FC0-A9C1-62E7B15473EC}.Release|Any Cpu.ActiveCfg = Release|Any CPU
		{C8E70BA0-220C-4FC0-A9C1-62E7B15473EC}.Release|Any Cpu.Build.0 = Release|Any CPU
		{A4797CD1-E998-4C98-9F05-734448F0E22A}.Debug|Any Cpu.ActiveCfg = Debug|Any CPU
		{A4797CD1-E998-4C98-9F05-734448F0E22A}.Release|Any Cpu.ActiveCfg = Release|Any CPU
		{A4797CD1-E998-4C98-9F05-734448F0E22A}.Release|Any Cpu.Build.0 = Release|Any CPU
		{77B6F4B7-9D08-4223-AC4C-B65A88C4A3B2}.Debug|Any Cpu.ActiveCfg = Debug|Any CPU
		{77B6F4B7-9D08-4223-AC4C-B65A88C4A3B2}.Release|Any Cpu.ActiveCfg = Release|Any CPU
		{77B6F4B7-9D08-4223-AC4C-B65A88C4A3B2}.Release|Any Cpu.Build.0 = Release|Any CPU
		{530CACE1-E169-4E77-894B-FF1DB4D2109F}.Debug|Any Cpu.ActiveCfg = Debug|Any CPU
		{530CACE1-E169-4E77-894B-FF1DB4D2109F}.Release|Any Cpu.ActiveCfg = Release|Any CPU
		{530CACE1-E169-4E77-894B-FF1DB4D2109F}.Release|Any Cpu.Build.0 = Release|Any CPU
		{310024FD-0BAC-4E22-9CE4-B892F12BE2C2}.Debug|Any Cpu.ActiveCfg = Debug|Any CPU
		{310024FD-0BAC-4E22-9CE4-B892F12BE2C2}.Debug|Any Cpu.Build.0 = Debug|Any CPU
		{310024FD-0BAC-4E22-9CE4-B892F12BE2C2}.Release|Any Cpu.ActiveCfg = Release|Any CPU
		{310024FD-0BAC-4E22-9CE4-B892F12BE2C2}.Release|Any Cpu.Build.0 = Release|Any CPU
		{F842D83E-29D7-4EE3-BF31-9908EAF0684D}.Debug|Any Cpu.ActiveCfg = Debug|Any CPU
		{F842D83E-29D7-4EE3-BF31-9908EAF0684D}.Release|Any Cpu.ActiveCfg = Release|Any CPU
		{F842D83E-29D7-4EE3-BF31-9908EAF0684D}.Release|Any Cpu.Build.0 = Release|Any CPU
		{D4870B4B-2B64-4929-A67C-1075077309C3}.Debug|Any Cpu.ActiveCfg = Debug|Any CPU
		{D4870B4B-2B64-4929-A67C-1075077309C3}.Debug|Any Cpu.Build.0 = Debug|Any CPU
		{D4870B4B-2B64-4929-A67C-1075077309C3}.Release|Any Cpu.ActiveCfg = Release|Any CPU
		{D4870B4B-2B64-4929-A67C-1075077309C3}.Release|Any Cpu.Build.0 = Release|Any CPU
		{B8EE3CA8-24C7-4EB8-807E-7BCAF40015BD}.Debug|Any Cpu.ActiveCfg = Debug|Any CPU
		{B8EE3CA8-24C7-4EB8-807E-7BCAF40015BD}.Release|Any Cpu.ActiveCfg = Release|Any CPU
		{B8EE3CA8-24C7-4EB8-807E-7BCAF40015BD}.Release|Any Cpu.Build.0 = Release|Any CPU
		{EF2FF075-639F-4BA1-89B8-4E2145BDFDDD}.Debug|Any Cpu.ActiveCfg = Debug|Any CPU
		{EF2FF075-639F-4BA1-89B8-4E2145BDFDDD}.Release|Any Cpu.ActiveCfg = Release|Any CPU
		{EF2FF075-639F-4BA1-89B8-4E2145BDFDDD}.Release|Any Cpu.Build.0 = Release|Any CPU
		{B4161CDE-2276-47CC-A16A-339B83FBFD45}.Debug|Any Cpu.ActiveCfg = Debug|Any CPU
		{B4161CDE-2276-47CC-A16A-339B83FBFD45}.Release|Any Cpu.ActiveCfg = Release|Any CPU
		{B4161CDE-2276-47CC-A16A-339B83FBFD45}.Release|Any Cpu.Build.0 = Release|Any CPU
		{7DEB7C96-B855-43AC-8C98-F9648EB8B165}.Debug|Any Cpu.ActiveCfg = Debug|Any CPU
		{7DEB7C96-B855-43AC-8C98-F9648EB8B165}.Release|Any Cpu.ActiveCfg = Release|Any CPU
		{7DEB7C96-B855-43AC-8C98-F9648EB8B165}.Release|Any Cpu.Build.0 = Release|Any CPU
		{8F3EAC60-7DD9-4DD4-B12D-E0D1CCA0D358}.Debug|Any Cpu.ActiveCfg = Debug|Any CPU
		{8F3EAC60-7DD9-4DD4-B12D-E0D1CCA0D358}.Release|Any Cpu.ActiveCfg = Release|Any CPU
		{8F3EAC60-7DD9-4DD4-B12D-E0D1CCA0D358}.Release|Any Cpu.Build.0 = Release|Any CPU
		{44C8EBBC-49B6-48A7-8A9F-C4E0C30FDF47}.Debug|Any Cpu.ActiveCfg = Debug|Any CPU
		{44C8EBBC-49B6-48A7-8A9F-C4E0C30FDF47}.Release|Any Cpu.ActiveCfg = Release|Any CPU
		{44C8EBBC-49B6-48A7-8A9F-C4E0C30FDF47}.Release|Any Cpu.Build.0 = Release|Any CPU
		{96BBE72C-B438-41A5-9707-689B2B008256}.Debug|Any Cpu.ActiveCfg = Debug|Any CPU
		{96BBE72C-B438-41A5-9707-689B2B008256}.Release|Any Cpu.ActiveCfg = Release|Any CPU
		{96BBE72C-B438-41A5-9707-689B2B008256}.Release|Any Cpu.Build.0 = Release|Any CPU
		{297B7EE5-A5D1-44C7-ABE7-56A04B56D779}.Debug|Any Cpu.ActiveCfg = Debug|Any CPU
		{297B7EE5-A5D1-44C7-ABE7-56A04B56D779}.Release|Any Cpu.ActiveCfg = Release|Any CPU
		{297B7EE5-A5D1-44C7-ABE7-56A04B56D779}.Release|Any Cpu.Build.0 = Release|Any CPU
		{60042CA6-E06D-424F-BF95-F4B0F065191D}.Debug|Any Cpu.ActiveCfg = Debug|Any CPU
		{60042CA6-E06D-424F-BF95-F4B0F065191D}.Release|Any Cpu.ActiveCfg = Release|Any CPU
		{60042CA6-E06D-424F-BF95-F4B0F065191D}.Release|Any Cpu.Build.0 = Release|Any CPU
		{43B7DF5F-03B6-43F4-99EA-8C29C3D1E537}.Debug|Any Cpu.ActiveCfg = Debug|Any CPU
		{43B7DF5F-03B6-43F4-99EA-8C29C3D1E537}.Release|Any Cpu.ActiveCfg = Release|Any CPU
		{43B7DF5F-03B6-43F4-99EA-8C29C3D1E537}.Release|Any Cpu.Build.0 = Release|Any CPU
		{A9D2C701-A6F2-4547-B17A-506FAA7F40EE}.Debug|Any Cpu.ActiveCfg = Debug|Any CPU
		{A9D2C701-A6F2-4547-B17A-506FAA7F40EE}.Release|Any Cpu.ActiveCfg = Release|Any CPU
		{A9D2C701-A6F2-4547-B17A-506FAA7F40EE}.Release|Any Cpu.Build.0 = Release|Any CPU
		{47D4E91D-F66C-4BDF-86D0-102305BE51BA}.Debug|Any Cpu.ActiveCfg = Debug|Any CPU
		{47D4E91D-F66C-4BDF-86D0-102305BE51BA}.Release|Any Cpu.ActiveCfg = Release|Any CPU
		{47D4E91D-F66C-4BDF-86D0-102305BE51BA}.Release|Any Cpu.Build.0 = Release|Any CPU
	EndGlobalSection
	GlobalSection(SolutionProperties) = preSolution
		HideSolutionNode = FALSE
	EndGlobalSection
	GlobalSection(NestedProjects) = preSolution
		{13DCC154-4E80-49F2-ADBB-0E091437B530} = {B8464579-ED00-4348-9E2F-2EE25AA5E25A}
		{E8A02BFE-C617-49A5-8D47-E8CEE7CA7083} = {897B8DC6-8C64-4C6C-BDA2-EE86A0F53522}
		{69CD6CBA-1C17-4928-A7AF-A0501423DFBF} = {B8464579-ED00-4348-9E2F-2EE25AA5E25A}
		{2D7044D4-C946-4084-87D4-852E7BBA8B12} = {B8464579-ED00-4348-9E2F-2EE25AA5E25A}
		{02F1AB52-B096-411F-AAD4-EF1D868EDF9C} = {B8464579-ED00-4348-9E2F-2EE25AA5E25A}
		{F58ED307-A906-4191-AD45-E5CA57E299A2} = {13DCC154-4E80-49F2-ADBB-0E091437B530}
		{235D47FB-10EF-444D-83C3-8BD7649C84E9} = {13DCC154-4E80-49F2-ADBB-0E091437B530}
		{A6B0F9BA-E7EB-4852-8E72-8AFFE1C37E66} = {897B8DC6-8C64-4C6C-BDA2-EE86A0F53522}
		{8D8973BE-8C6E-4126-A323-9FBB0CA6B0DB} = {897B8DC6-8C64-4C6C-BDA2-EE86A0F53522}
		{F8BB269B-8692-4910-A6AA-641450999E5D} = {897B8DC6-8C64-4C6C-BDA2-EE86A0F53522}
		{73AEE074-0715-482F-B347-6F8FCB9CCE9A} = {E8A02BFE-C617-49A5-8D47-E8CEE7CA7083}
		{9AA56362-BF82-4782-B844-D3223E79680D} = {E8A02BFE-C617-49A5-8D47-E8CEE7CA7083}
		{E0C5D8ED-0F7A-4BAB-9180-701CFEAF355C} = {B8464579-ED00-4348-9E2F-2EE25AA5E25A}
		{241A3A58-8050-44D7-9873-258EF1ABBC3D} = {897B8DC6-8C64-4C6C-BDA2-EE86A0F53522}
		{67C0919F-BD83-44AE-943B-2DE7BFA7538B} = {B8464579-ED00-4348-9E2F-2EE25AA5E25A}
		{1C0D9D1C-43A0-4BEB-97BF-C3A0174C82D9} = {B8464579-ED00-4348-9E2F-2EE25AA5E25A}
		{47C18245-CBFE-4B8F-8B5C-E07C117C1E45} = {897B8DC6-8C64-4C6C-BDA2-EE86A0F53522}
		{4B65CBB6-6DE2-426C-95F5-CB229D713224} = {B8464579-ED00-4348-9E2F-2EE25AA5E25A}
		{DFC7100D-2268-4758-9322-32F163045DCD} = {897B8DC6-8C64-4C6C-BDA2-EE86A0F53522}
		{24B4F2B1-C060-43B8-8AC4-9F92F43CA166} = {B8464579-ED00-4348-9E2F-2EE25AA5E25A}
		{A51B5D8E-3C54-431D-962C-4BAE011BB6F2} = {B8464579-ED00-4348-9E2F-2EE25AA5E25A}
		{3753D628-F9A7-4E3B-AF39-9EA0CDDE0DC3} = {897B8DC6-8C64-4C6C-BDA2-EE86A0F53522}
		{3F125E54-5D89-41A4-9857-FDDDF8492E2F} = {B8464579-ED00-4348-9E2F-2EE25AA5E25A}
		{94EDF3D2-A169-4B07-9AAD-0F4CFD64F431} = {B8464579-ED00-4348-9E2F-2EE25AA5E25A}
		{16934E81-117D-40D7-BEEC-2F6FDEC56FF3} = {897B8DC6-8C64-4C6C-BDA2-EE86A0F53522}
		{8A609A6C-E577-4FE9-AE74-4C363CB61D6F} = {B8464579-ED00-4348-9E2F-2EE25AA5E25A}
		{302654BF-604E-4657-AB48-02B5DBE49612} = {897B8DC6-8C64-4C6C-BDA2-EE86A0F53522}
		{741A4578-821D-4877-B79F-6186E7229968} = {B8464579-ED00-4348-9E2F-2EE25AA5E25A}
		{2D289600-8047-4056-8D72-93FEA7625D88} = {897B8DC6-8C64-4C6C-BDA2-EE86A0F53522}
		{1700C956-A2C8-48E0-AA98-591A6ED886E1} = {B8464579-ED00-4348-9E2F-2EE25AA5E25A}
		{2711C0DE-5B27-4C98-B2E8-61F0F9831593} = {897B8DC6-8C64-4C6C-BDA2-EE86A0F53522}
		{16CDF4A0-2311-4BE0-B23B-AFFB349CF370} = {B8464579-ED00-4348-9E2F-2EE25AA5E25A}
		{963B07F0-2337-42FD-B3AC-4F766CC069A1} = {B8464579-ED00-4348-9E2F-2EE25AA5E25A}
		{5C6EF289-821E-4A5C-944D-4260BD524C69} = {B8464579-ED00-4348-9E2F-2EE25AA5E25A}
		{C8E70BA0-220C-4FC0-A9C1-62E7B15473EC} = {897B8DC6-8C64-4C6C-BDA2-EE86A0F53522}
		{A4797CD1-E998-4C98-9F05-734448F0E22A} = {897B8DC6-8C64-4C6C-BDA2-EE86A0F53522}
		{77B6F4B7-9D08-4223-AC4C-B65A88C4A3B2} = {B8464579-ED00-4348-9E2F-2EE25AA5E25A}
		{530CACE1-E169-4E77-894B-FF1DB4D2109F} = {897B8DC6-8C64-4C6C-BDA2-EE86A0F53522}
		{310024FD-0BAC-4E22-9CE4-B892F12BE2C2} = {B8464579-ED00-4348-9E2F-2EE25AA5E25A}
		{F842D83E-29D7-4EE3-BF31-9908EAF0684D} = {897B8DC6-8C64-4C6C-BDA2-EE86A0F53522}
		{D4870B4B-2B64-4929-A67C-1075077309C3} = {13DCC154-4E80-49F2-ADBB-0E091437B530}
		{B8EE3CA8-24C7-4EB8-807E-7BCAF40015BD} = {E8A02BFE-C617-49A5-8D47-E8CEE7CA7083}
		{EF2FF075-639F-4BA1-89B8-4E2145BDFDDD} = {B8464579-ED00-4348-9E2F-2EE25AA5E25A}
		{B4161CDE-2276-47CC-A16A-339B83FBFD45} = {B8464579-ED00-4348-9E2F-2EE25AA5E25A}
		{7DEB7C96-B855-43AC-8C98-F9648EB8B165} = {897B8DC6-8C64-4C6C-BDA2-EE86A0F53522}
		{8F3EAC60-7DD9-4DD4-B12D-E0D1CCA0D358} = {B8464579-ED00-4348-9E2F-2EE25AA5E25A}
		{44C8EBBC-49B6-48A7-8A9F-C4E0C30FDF47} = {897B8DC6-8C64-4C6C-BDA2-EE86A0F53522}
		{96BBE72C-B438-41A5-9707-689B2B008256} = {B8464579-ED00-4348-9E2F-2EE25AA5E25A}
		{297B7EE5-A5D1-44C7-ABE7-56A04B56D779} = {B8464579-ED00-4348-9E2F-2EE25AA5E25A}
		{60042CA6-E06D-424F-BF95-F4B0F065191D} = {897B8DC6-8C64-4C6C-BDA2-EE86A0F53522}
		{43B7DF5F-03B6-43F4-99EA-8C29C3D1E537} = {897B8DC6-8C64-4C6C-BDA2-EE86A0F53522}
		{A9D2C701-A6F2-4547-B17A-506FAA7F40EE} = {B8464579-ED00-4348-9E2F-2EE25AA5E25A}
		{47D4E91D-F66C-4BDF-86D0-102305BE51BA} = {897B8DC6-8C64-4C6C-BDA2-EE86A0F53522}
	EndGlobalSection
	GlobalSection(ExtensibilityGlobals) = postSolution
		SolutionGuid = {AD2ED2BE-7E3E-4CBF-B39F-38BA315F7BA6}
	EndGlobalSection
EndGlobal
