
Microsoft Visual Studio Solution File, Format Version 12.00
# Visual Studio 15
VisualStudioVersion = 15.0.28307.1800
MinimumVisualStudioVersion = 10.0.40219.1
Project("{FAE04EC0-301F-11D3-BF4B-00C04F79EFBC}") = "WpfApplication1", "WpfApplication1\WpfApplication1.csproj", "{C1AB03C0-7665-43C2-A4D4-1216C74C185F}"
EndProject
Global
	GlobalSection(SolutionConfigurationPlatforms) = preSolution
		Debug|Any CPU = Debug|Any CPU
		Release|Any CPU = Release|Any CPU
	EndGlobalSection
	GlobalSection(ProjectConfigurationPlatforms) = postSolution
		{C1AB03C0-7665-43C2-A4D4-1216C74C185F}.Debug|Any CPU.ActiveCfg = Debug|Any CPU
		{C1AB03C0-7665-43C2-A4D4-1216C74C185F}.Debug|Any CPU.Build.0 = Debug|Any CPU
		{C1AB03C0-7665-43C2-A4D4-1216C74C185F}.Release|Any CPU.ActiveCfg = Release|Any CPU
		{C1AB03C0-7665-43C2-A4D4-1216C74C185F}.Release|Any CPU.Build.0 = Release|Any CPU
	EndGlobalSection
	GlobalSection(SolutionProperties) = preSolution
		HideSolutionNode = FALSE
	EndGlobalSection
	GlobalSection(ExtensibilityGlobals) = postSolution
		SolutionGuid = {56ACF8E1-8897-460D-88AE-3DE7B09E8049}
	EndGlobalSection
	GlobalSection(SourceCodeControl) = preSolution
		SccNumberOfProjects = 2
		SccLocalPath0 = .
		SccProjectUniqueName1 = WpfApplication1\\WpfApplication1.csproj
		SccProjectName1 = \u0022$/VectorDrawWPFControl.root/VectorDrawWPFControl/WpfApplication1\u0022,\u0020HFHAAAAA
		SccLocalPath1 = WpfApplication1
	EndGlobalSection
EndGlobal
